// !$*UTF8*$!
{
	archiveVersion = 1;
	classes = {
	};
	objectVersion = 52;
	objects = {

/* Begin PBXBuildFile section */
		52F1BF13274D04D80004092F /* AppDelegate.swift in Sources */ = {isa = PBXBuildFile; fileRef = 52F1BF12274D04D80004092F /* AppDelegate.swift */; };
		52F1BF15274D04D80004092F /* SceneDelegate.swift in Sources */ = {isa = PBXBuildFile; fileRef = 52F1BF14274D04D80004092F /* SceneDelegate.swift */; };
		52F1BF17274D04D80004092F /* MainView.swift in Sources */ = {isa = PBXBuildFile; fileRef = 52F1BF16274D04D80004092F /* MainView.swift */; };
		52F1BF19274D04E10004092F /* Assets.xcassets in Resources */ = {isa = PBXBuildFile; fileRef = 52F1BF18274D04E10004092F /* Assets.xcassets */; };
		52F1BF1C274D04E10004092F /* Preview Assets.xcassets in Resources */ = {isa = PBXBuildFile; fileRef = 52F1BF1B274D04E10004092F /* Preview Assets.xcassets */; };
		52F1BF1F274D04E10004092F /* LaunchScreen.storyboard in Resources */ = {isa = PBXBuildFile; fileRef = 52F1BF1D274D04E10004092F /* LaunchScreen.storyboard */; };
		52F1BF75274D20740004092F /* ComposableArchitecture in Frameworks */ = {isa = PBXBuildFile; productRef = 52F1BF74274D20740004092F /* ComposableArchitecture */; };
		52F1BF80274D3B1C0004092F /* SignInView.swift in Sources */ = {isa = PBXBuildFile; fileRef = 52F1BF2C274D0E710004092F /* SignInView.swift */; };
		52F1BF8B274D3C2C0004092F /* EventsView.swift in Sources */ = {isa = PBXBuildFile; fileRef = 52F1BF8A274D3C2C0004092F /* EventsView.swift */; };
/* End PBXBuildFile section */

/* Begin PBXCopyFilesBuildPhase section */
		52F1BF6A274D12530004092F /* Embed Frameworks */ = {
			isa = PBXCopyFilesBuildPhase;
			buildActionMask = 2147483647;
			dstPath = "";
			dstSubfolderSpec = 10;
			files = (
			);
			name = "Embed Frameworks";
			runOnlyForDeploymentPostprocessing = 0;
		};
/* End PBXCopyFilesBuildPhase section */

/* Begin PBXFileReference section */
		52F1BF0F274D04D80004092F /* UDFTest.app */ = {isa = PBXFileReference; explicitFileType = wrapper.application; includeInIndex = 0; path = UDFTest.app; sourceTree = BUILT_PRODUCTS_DIR; };
		52F1BF12274D04D80004092F /* AppDelegate.swift */ = {isa = PBXFileReference; lastKnownFileType = sourcecode.swift; path = AppDelegate.swift; sourceTree = "<group>"; };
		52F1BF14274D04D80004092F /* SceneDelegate.swift */ = {isa = PBXFileReference; lastKnownFileType = sourcecode.swift; path = SceneDelegate.swift; sourceTree = "<group>"; };
		52F1BF16274D04D80004092F /* MainView.swift */ = {isa = PBXFileReference; lastKnownFileType = sourcecode.swift; path = MainView.swift; sourceTree = "<group>"; };
		52F1BF18274D04E10004092F /* Assets.xcassets */ = {isa = PBXFileReference; lastKnownFileType = folder.assetcatalog; path = Assets.xcassets; sourceTree = "<group>"; };
		52F1BF1B274D04E10004092F /* Preview Assets.xcassets */ = {isa = PBXFileReference; lastKnownFileType = folder.assetcatalog; path = "Preview Assets.xcassets"; sourceTree = "<group>"; };
		52F1BF1E274D04E10004092F /* Base */ = {isa = PBXFileReference; lastKnownFileType = file.storyboard; name = Base; path = Base.lproj/LaunchScreen.storyboard; sourceTree = "<group>"; };
		52F1BF20274D04E10004092F /* Info.plist */ = {isa = PBXFileReference; lastKnownFileType = text.plist.xml; path = Info.plist; sourceTree = "<group>"; };
		52F1BF2C274D0E710004092F /* SignInView.swift */ = {isa = PBXFileReference; lastKnownFileType = sourcecode.swift; path = SignInView.swift; sourceTree = "<group>"; };
		52F1BF8A274D3C2C0004092F /* EventsView.swift */ = {isa = PBXFileReference; lastKnownFileType = sourcecode.swift; path = EventsView.swift; sourceTree = "<group>"; };
/* End PBXFileReference section */

/* Begin PBXFrameworksBuildPhase section */
		52F1BF0C274D04D80004092F /* Frameworks */ = {
			isa = PBXFrameworksBuildPhase;
			buildActionMask = 2147483647;
			files = (
				52F1BF75274D20740004092F /* ComposableArchitecture in Frameworks */,
			);
			runOnlyForDeploymentPostprocessing = 0;
		};
/* End PBXFrameworksBuildPhase section */

/* Begin PBXGroup section */
		52F1BF06274D04D80004092F = {
			isa = PBXGroup;
			children = (
				52F1BF11274D04D80004092F /* UDFTest */,
				52F1BF10274D04D80004092F /* Products */,
				52F1BF41274D0F960004092F /* Frameworks */,
			);
			sourceTree = "<group>";
		};
		52F1BF10274D04D80004092F /* Products */ = {
			isa = PBXGroup;
			children = (
				52F1BF0F274D04D80004092F /* UDFTest.app */,
			);
			name = Products;
			sourceTree = "<group>";
		};
		52F1BF11274D04D80004092F /* UDFTest */ = {
			isa = PBXGroup;
			children = (
				52F1BF85274D3B250004092F /* SignIn */,
				52F1BF12274D04D80004092F /* AppDelegate.swift */,
				52F1BF14274D04D80004092F /* SceneDelegate.swift */,
				52F1BF16274D04D80004092F /* MainView.swift */,
				52F1BF18274D04E10004092F /* Assets.xcassets */,
				52F1BF1D274D04E10004092F /* LaunchScreen.storyboard */,
				52F1BF20274D04E10004092F /* Info.plist */,
				52F1BF1A274D04E10004092F /* Preview Content */,
				52F1BF8A274D3C2C0004092F /* EventsView.swift */,
			);
			path = UDFTest;
			sourceTree = "<group>";
		};
		52F1BF1A274D04E10004092F /* Preview Content */ = {
			isa = PBXGroup;
			children = (
				52F1BF1B274D04E10004092F /* Preview Assets.xcassets */,
			);
			path = "Preview Content";
			sourceTree = "<group>";
		};
		52F1BF41274D0F960004092F /* Frameworks */ = {
			isa = PBXGroup;
			children = (
			);
			name = Frameworks;
			sourceTree = "<group>";
		};
		52F1BF85274D3B250004092F /* SignIn */ = {
			isa = PBXGroup;
			children = (
				52F1BF2C274D0E710004092F /* SignInView.swift */,
			);
			path = SignIn;
			sourceTree = "<group>";
		};
/* End PBXGroup section */

/* Begin PBXNativeTarget section */
		52F1BF0E274D04D80004092F /* UDFTest */ = {
			isa = PBXNativeTarget;
			buildConfigurationList = 52F1BF23274D04E10004092F /* Build configuration list for PBXNativeTarget "UDFTest" */;
			buildPhases = (
				52F1BF0B274D04D80004092F /* Sources */,
				52F1BF0C274D04D80004092F /* Frameworks */,
				52F1BF0D274D04D80004092F /* Resources */,
				52F1BF6A274D12530004092F /* Embed Frameworks */,
			);
			buildRules = (
			);
			dependencies = (
			);
			name = UDFTest;
			packageProductDependencies = (
				52F1BF74274D20740004092F /* ComposableArchitecture */,
			);
			productName = UDFTest;
			productReference = 52F1BF0F274D04D80004092F /* UDFTest.app */;
			productType = "com.apple.product-type.application";
		};
/* End PBXNativeTarget section */

/* Begin PBXProject section */
		52F1BF07274D04D80004092F /* Project object */ = {
			isa = PBXProject;
			attributes = {
				LastSwiftUpdateCheck = 1230;
				LastUpgradeCheck = 1230;
				TargetAttributes = {
					52F1BF0E274D04D80004092F = {
						CreatedOnToolsVersion = 12.3;
					};
				};
			};
			buildConfigurationList = 52F1BF0A274D04D80004092F /* Build configuration list for PBXProject "UDFTest" */;
			compatibilityVersion = "Xcode 9.3";
			developmentRegion = en;
			hasScannedForEncodings = 0;
			knownRegions = (
				en,
				Base,
			);
			mainGroup = 52F1BF06274D04D80004092F;
			packageReferences = (
				52F1BF73274D20740004092F /* XCRemoteSwiftPackageReference "swift-composable-architecture" */,
			);
			productRefGroup = 52F1BF10274D04D80004092F /* Products */;
			projectDirPath = "";
			projectRoot = "";
			targets = (
				52F1BF0E274D04D80004092F /* UDFTest */,
			);
		};
/* End PBXProject section */

/* Begin PBXResourcesBuildPhase section */
		52F1BF0D274D04D80004092F /* Resources */ = {
			isa = PBXResourcesBuildPhase;
			buildActionMask = 2147483647;
			files = (
				52F1BF1F274D04E10004092F /* LaunchScreen.storyboard in Resources */,
				52F1BF1C274D04E10004092F /* Preview Assets.xcassets in Resources */,
				52F1BF19274D04E10004092F /* Assets.xcassets in Resources */,
			);
			runOnlyForDeploymentPostprocessing = 0;
		};
/* End PBXResourcesBuildPhase section */

/* Begin PBXSourcesBuildPhase section */
		52F1BF0B274D04D80004092F /* Sources */ = {
			isa = PBXSourcesBuildPhase;
			buildActionMask = 2147483647;
			files = (
				52F1BF13274D04D80004092F /* AppDelegate.swift in Sources */,
				52F1BF8B274D3C2C0004092F /* EventsView.swift in Sources */,
				52F1BF15274D04D80004092F /* SceneDelegate.swift in Sources */,
				52F1BF80274D3B1C0004092F /* SignInView.swift in Sources */,
				52F1BF17274D04D80004092F /* MainView.swift in Sources */,
			);
			runOnlyForDeploymentPostprocessing = 0;
		};
/* End PBXSourcesBuildPhase section */

/* Begin PBXVariantGroup section */
		52F1BF1D274D04E10004092F /* LaunchScreen.storyboard */ = {
			isa = PBXVariantGroup;
			children = (
				52F1BF1E274D04E10004092F /* Base */,
			);
			name = LaunchScreen.storyboard;
			sourceTree = "<group>";
		};
/* End PBXVariantGroup section */

/* Begin XCBuildConfiguration section */
		52F1BF21274D04E10004092F /* Debug */ = {
			isa = XCBuildConfiguration;
			buildSettings = {
				ALWAYS_SEARCH_USER_PATHS = NO;
				CLANG_ANALYZER_NONNULL = YES;
				CLANG_ANALYZER_NUMBER_OBJECT_CONVERSION = YES_AGGRESSIVE;
				CLANG_CXX_LANGUAGE_STANDARD = "gnu++14";
				CLANG_CXX_LIBRARY = "libc++";
				CLANG_ENABLE_MODULES = YES;
				CLANG_ENABLE_OBJC_ARC = YES;
				CLANG_ENABLE_OBJC_WEAK = YES;
				CLANG_WARN_BLOCK_CAPTURE_AUTORELEASING = YES;
				CLANG_WARN_BOOL_CONVERSION = YES;
				CLANG_WARN_COMMA = YES;
				CLANG_WARN_CONSTANT_CONVERSION = YES;
				CLANG_WARN_DEPRECATED_OBJC_IMPLEMENTATIONS = YES;
				CLANG_WARN_DIRECT_OBJC_ISA_USAGE = YES_ERROR;
				CLANG_WARN_DOCUMENTATION_COMMENTS = YES;
				CLANG_WARN_EMPTY_BODY = YES;
				CLANG_WARN_ENUM_CONVERSION = YES;
				CLANG_WARN_INFINITE_RECURSION = YES;
				CLANG_WARN_INT_CONVERSION = YES;
				CLANG_WARN_NON_LITERAL_NULL_CONVERSION = YES;
				CLANG_WARN_OBJC_IMPLICIT_RETAIN_SELF = YES;
				CLANG_WARN_OBJC_LITERAL_CONVERSION = YES;
				CLANG_WARN_OBJC_ROOT_CLASS = YES_ERROR;
				CLANG_WARN_QUOTED_INCLUDE_IN_FRAMEWORK_HEADER = YES;
				CLANG_WARN_RANGE_LOOP_ANALYSIS = YES;
				CLANG_WARN_STRICT_PROTOTYPES = YES;
				CLANG_WARN_SUSPICIOUS_MOVE = YES;
				CLANG_WARN_UNGUARDED_AVAILABILITY = YES_AGGRESSIVE;
				CLANG_WARN_UNREACHABLE_CODE = YES;
				CLANG_WARN__DUPLICATE_METHOD_MATCH = YES;
				COPY_PHASE_STRIP = NO;
				DEBUG_INFORMATION_FORMAT = dwarf;
				ENABLE_STRICT_OBJC_MSGSEND = YES;
				ENABLE_TESTABILITY = YES;
				GCC_C_LANGUAGE_STANDARD = gnu11;
				GCC_DYNAMIC_NO_PIC = NO;
				GCC_NO_COMMON_BLOCKS = YES;
				GCC_OPTIMIZATION_LEVEL = 0;
				GCC_PREPROCESSOR_DEFINITIONS = (
					"DEBUG=1",
					"$(inherited)",
				);
				GCC_WARN_64_TO_32_BIT_CONVERSION = YES;
				GCC_WARN_ABOUT_RETURN_TYPE = YES_ERROR;
				GCC_WARN_UNDECLARED_SELECTOR = YES;
				GCC_WARN_UNINITIALIZED_AUTOS = YES_AGGRESSIVE;
				GCC_WARN_UNUSED_FUNCTION = YES;
				GCC_WARN_UNUSED_VARIABLE = YES;
				IPHONEOS_DEPLOYMENT_TARGET = 14.3;
				MTL_ENABLE_DEBUG_INFO = INCLUDE_SOURCE;
				MTL_FAST_MATH = YES;
				ONLY_ACTIVE_ARCH = YES;
				SDKROOT = iphoneos;
				SWIFT_ACTIVE_COMPILATION_CONDITIONS = DEBUG;
				SWIFT_OPTIMIZATION_LEVEL = "-Onone";
			};
			name = Debug;
		};
		52F1BF22274D04E10004092F /* Release */ = {
			isa = XCBuildConfiguration;
			buildSettings = {
				ALWAYS_SEARCH_USER_PATHS = NO;
				CLANG_ANALYZER_NONNULL = YES;
				CLANG_ANALYZER_NUMBER_OBJECT_CONVERSION = YES_AGGRESSIVE;
				CLANG_CXX_LANGUAGE_STANDARD = "gnu++14";
				CLANG_CXX_LIBRARY = "libc++";
				CLANG_ENABLE_MODULES = YES;
				CLANG_ENABLE_OBJC_ARC = YES;
				CLANG_ENABLE_OBJC_WEAK = YES;
				CLANG_WARN_BLOCK_CAPTURE_AUTORELEASING = YES;
				CLANG_WARN_BOOL_CONVERSION = YES;
				CLANG_WARN_COMMA = YES;
				CLANG_WARN_CONSTANT_CONVERSION = YES;
				CLANG_WARN_DEPRECATED_OBJC_IMPLEMENTATIONS = YES;
				CLANG_WARN_DIRECT_OBJC_ISA_USAGE = YES_ERROR;
				CLANG_WARN_DOCUMENTATION_COMMENTS = YES;
				CLANG_WARN_EMPTY_BODY = YES;
				CLANG_WARN_ENUM_CONVERSION = YES;
				CLANG_WARN_INFINITE_RECURSION = YES;
				CLANG_WARN_INT_CONVERSION = YES;
				CLANG_WARN_NON_LITERAL_NULL_CONVERSION = YES;
				CLANG_WARN_OBJC_IMPLICIT_RETAIN_SELF = YES;
				CLANG_WARN_OBJC_LITERAL_CONVERSION = YES;
				CLANG_WARN_OBJC_ROOT_CLASS = YES_ERROR;
				CLANG_WARN_QUOTED_INCLUDE_IN_FRAMEWORK_HEADER = YES;
				CLANG_WARN_RANGE_LOOP_ANALYSIS = YES;
				CLANG_WARN_STRICT_PROTOTYPES = YES;
				CLANG_WARN_SUSPICIOUS_MOVE = YES;
				CLANG_WARN_UNGUARDED_AVAILABILITY = YES_AGGRESSIVE;
				CLANG_WARN_UNREACHABLE_CODE = YES;
				CLANG_WARN__DUPLICATE_METHOD_MATCH = YES;
				COPY_PHASE_STRIP = NO;
				DEBUG_INFORMATION_FORMAT = "dwarf-with-dsym";
				ENABLE_NS_ASSERTIONS = NO;
				ENABLE_STRICT_OBJC_MSGSEND = YES;
				GCC_C_LANGUAGE_STANDARD = gnu11;
				GCC_NO_COMMON_BLOCKS = YES;
				GCC_WARN_64_TO_32_BIT_CONVERSION = YES;
				GCC_WARN_ABOUT_RETURN_TYPE = YES_ERROR;
				GCC_WARN_UNDECLARED_SELECTOR = YES;
				GCC_WARN_UNINITIALIZED_AUTOS = YES_AGGRESSIVE;
				GCC_WARN_UNUSED_FUNCTION = YES;
				GCC_WARN_UNUSED_VARIABLE = YES;
				IPHONEOS_DEPLOYMENT_TARGET = 14.3;
				MTL_ENABLE_DEBUG_INFO = NO;
				MTL_FAST_MATH = YES;
				SDKROOT = iphoneos;
				SWIFT_COMPILATION_MODE = wholemodule;
				SWIFT_OPTIMIZATION_LEVEL = "-O";
				VALIDATE_PRODUCT = YES;
			};
			name = Release;
		};
		52F1BF24274D04E10004092F /* Debug */ = {
			isa = XCBuildConfiguration;
			buildSettings = {
				ASSETCATALOG_COMPILER_APPICON_NAME = AppIcon;
				ASSETCATALOG_COMPILER_GLOBAL_ACCENT_COLOR_NAME = AccentColor;
				CODE_SIGN_STYLE = Automatic;
				DEVELOPMENT_ASSET_PATHS = "\"UDFTest/Preview Content\"";
				DEVELOPMENT_TEAM = 97B8F4A99L;
				ENABLE_PREVIEWS = YES;
				INFOPLIST_FILE = UDFTest/Info.plist;
				LD_RUNPATH_SEARCH_PATHS = (
					"$(inherited)",
					"@executable_path/Frameworks",
				);
				PRODUCT_BUNDLE_IDENTIFIER = com.berizaryad.UDFTest;
				PRODUCT_NAME = "$(TARGET_NAME)";
				SWIFT_VERSION = 5.0;
				TARGETED_DEVICE_FAMILY = "1,2";
			};
			name = Debug;
		};
		52F1BF25274D04E10004092F /* Release */ = {
			isa = XCBuildConfiguration;
			buildSettings = {
				ASSETCATALOG_COMPILER_APPICON_NAME = AppIcon;
				ASSETCATALOG_COMPILER_GLOBAL_ACCENT_COLOR_NAME = AccentColor;
				CODE_SIGN_STYLE = Automatic;
				DEVELOPMENT_ASSET_PATHS = "\"UDFTest/Preview Content\"";
				DEVELOPMENT_TEAM = 97B8F4A99L;
				ENABLE_PREVIEWS = YES;
				INFOPLIST_FILE = UDFTest/Info.plist;
				LD_RUNPATH_SEARCH_PATHS = (
					"$(inherited)",
					"@executable_path/Frameworks",
				);
				PRODUCT_BUNDLE_IDENTIFIER = com.berizaryad.UDFTest;
				PRODUCT_NAME = "$(TARGET_NAME)";
				SWIFT_VERSION = 5.0;
				TARGETED_DEVICE_FAMILY = "1,2";
			};
			name = Release;
		};
/* End XCBuildConfiguration section */

/* Begin XCConfigurationList section */
		52F1BF0A274D04D80004092F /* Build configuration list for PBXProject "UDFTest" */ = {
			isa = XCConfigurationList;
			buildConfigurations = (
				52F1BF21274D04E10004092F /* Debug */,
				52F1BF22274D04E10004092F /* Release */,
			);
			defaultConfigurationIsVisible = 0;
			defaultConfigurationName = Release;
		};
		52F1BF23274D04E10004092F /* Build configuration list for PBXNativeTarget "UDFTest" */ = {
			isa = XCConfigurationList;
			buildConfigurations = (
				52F1BF24274D04E10004092F /* Debug */,
				52F1BF25274D04E10004092F /* Release */,
			);
			defaultConfigurationIsVisible = 0;
			defaultConfigurationName = Release;
		};
/* End XCConfigurationList section */

/* Begin XCRemoteSwiftPackageReference section */
		52F1BF73274D20740004092F /* XCRemoteSwiftPackageReference "swift-composable-architecture" */ = {
			isa = XCRemoteSwiftPackageReference;
			repositoryURL = "https://github.com/pointfreeco/swift-composable-architecture";
			requirement = {
				kind = upToNextMajorVersion;
				minimumVersion = 0.28.1;
			};
		};
/* End XCRemoteSwiftPackageReference section */

/* Begin XCSwiftPackageProductDependency section */
		52F1BF74274D20740004092F /* ComposableArchitecture */ = {
			isa = XCSwiftPackageProductDependency;
			package = 52F1BF73274D20740004092F /* XCRemoteSwiftPackageReference "swift-composable-architecture" */;
			productName = ComposableArchitecture;
		};
/* End XCSwiftPackageProductDependency section */
	};
	rootObject = 52F1BF07274D04D80004092F /* Project object */;
}
